
Microsoft Visual Studio Solution File, Format Version 12.00
# Visual Studio 15
VisualStudioVersion = 15.0.26730.12
MinimumVisualStudioVersion = 10.0.40219.1
Project("{FAE04EC0-301F-11D3-BF4B-00C04F79EFBC}") = "Classwork - May 23", "Classwork - May 23\Classwork - May 23.csproj", "{4F971C6A-4F0F-47E1-8B7B-C76DB73A0634}"
EndProject
Project("{FAE04EC0-301F-11D3-BF4B-00C04F79EFBC}") = "Classwork - May 23.Data", "Classwork - May 23.Data\Classwork - May 23.Data.csproj", "{AEC04C4F-26A8-4BF0-9909-BAAB5DA3D7E7}"
EndProject
Global
	GlobalSection(SolutionConfigurationPlatforms) = preSolution
		Debug|Any CPU = Debug|Any CPU
		Release|Any CPU = Release|Any CPU
	EndGlobalSection
	GlobalSection(ProjectConfigurationPlatforms) = postSolution
		{4F971C6A-4F0F-47E1-8B7B-C76DB73A0634}.Debug|Any CPU.ActiveCfg = Debug|Any CPU
		{4F971C6A-4F0F-47E1-8B7B-C76DB73A0634}.Debug|Any CPU.Build.0 = Debug|Any CPU
		{4F971C6A-4F0F-47E1-8B7B-C76DB73A0634}.Release|Any CPU.ActiveCfg = Release|Any CPU
		{4F971C6A-4F0F-47E1-8B7B-C76DB73A0634}.Release|Any CPU.Build.0 = Release|Any CPU
		{AEC04C4F-26A8-4BF0-9909-BAAB5DA3D7E7}.Debug|Any CPU.ActiveCfg = Debug|Any CPU
		{AEC04C4F-26A8-4BF0-9909-BAAB5DA3D7E7}.Debug|Any CPU.Build.0 = Debug|Any CPU
		{AEC04C4F-26A8-4BF0-9909-BAAB5DA3D7E7}.Release|Any CPU.ActiveCfg = Release|Any CPU
		{AEC04C4F-26A8-4BF0-9909-BAAB5DA3D7E7}.Release|Any CPU.Build.0 = Release|Any CPU
	EndGlobalSection
	GlobalSection(SolutionProperties) = preSolution
		HideSolutionNode = FALSE
	EndGlobalSection
	GlobalSection(ExtensibilityGlobals) = postSolution
		SolutionGuid = {7DA9012C-863E-4FEC-8359-8582A0785329}
	EndGlobalSection
EndGlobal
